
Microsoft Visual Studio Solution File, Format Version 12.00
# Visual Studio Version 17
VisualStudioVersion = 17.7.34221.43
MinimumVisualStudioVersion = 10.0.40219.1
Project("{FAE04EC0-301F-11D3-BF4B-00C04F79EFBC}") = "WhenIsEaster", "WhenIsEaster\WhenIsEaster.csproj", "{533FA5FA-AEB3-4C28-8D81-08487604DD77}"
EndProject
Global
	GlobalSection(SolutionConfigurationPlatforms) = preSolution
		Debug|Any CPU = Debug|Any CPU
		Release|Any CPU = Release|Any CPU
	EndGlobalSection
	GlobalSection(ProjectConfigurationPlatforms) = postSolution
		{533FA5FA-AEB3-4C28-8D81-08487604DD77}.Debug|Any CPU.ActiveCfg = Debug|Any CPU
		{533FA5FA-AEB3-4C28-8D81-08487604DD77}.Debug|Any CPU.Build.0 = Debug|Any CPU
		{533FA5FA-AEB3-4C28-8D81-08487604DD77}.Release|Any CPU.ActiveCfg = Release|Any CPU
		{533FA5FA-AEB3-4C28-8D81-08487604DD77}.Release|Any CPU.Build.0 = Release|Any CPU
	EndGlobalSection
	GlobalSection(SolutionProperties) = preSolution
		HideSolutionNode = FALSE
	EndGlobalSection
	GlobalSection(ExtensibilityGlobals) = postSolution
		SolutionGuid = {3B548CCA-5DC2-401E-B6DA-2206A6C3796C}
	EndGlobalSection
EndGlobal
